
Microsoft Visual Studio Solution File, Format Version 12.00
# Visual Studio Version 16
VisualStudioVersion = 16.0.30204.135
MinimumVisualStudioVersion = 10.0.40219.1
Project("{FAE04EC0-301F-11D3-BF4B-00C04F79EFBC}") = "CarDealer.Web", "CarDealer.Web\CarDealer.Web.csproj", "{AA9CF44E-F272-41E4-8918-3B95735F0BF7}"
EndProject
Project("{FAE04EC0-301F-11D3-BF4B-00C04F79EFBC}") = "CarDealer.Data", "CarDealer.Data\CarDealer.Data.csproj", "{5E5C3263-B6BC-4297-B35D-F8869517E180}"
EndProject
Global
	GlobalSection(SolutionConfigurationPlatforms) = preSolution
		Debug|Any CPU = Debug|Any CPU
		Release|Any CPU = Release|Any CPU
	EndGlobalSection
	GlobalSection(ProjectConfigurationPlatforms) = postSolution
		{AA9CF44E-F272-41E4-8918-3B95735F0BF7}.Debug|Any CPU.ActiveCfg = Debug|Any CPU
		{AA9CF44E-F272-41E4-8918-3B95735F0BF7}.Debug|Any CPU.Build.0 = Debug|Any CPU
		{AA9CF44E-F272-41E4-8918-3B95735F0BF7}.Release|Any CPU.ActiveCfg = Release|Any CPU
		{AA9CF44E-F272-41E4-8918-3B95735F0BF7}.Release|Any CPU.Build.0 = Release|Any CPU
		{5E5C3263-B6BC-4297-B35D-F8869517E180}.Debug|Any CPU.ActiveCfg = Debug|Any CPU
		{5E5C3263-B6BC-4297-B35D-F8869517E180}.Debug|Any CPU.Build.0 = Debug|Any CPU
		{5E5C3263-B6BC-4297-B35D-F8869517E180}.Release|Any CPU.ActiveCfg = Release|Any CPU
		{5E5C3263-B6BC-4297-B35D-F8869517E180}.Release|Any CPU.Build.0 = Release|Any CPU
	EndGlobalSection
	GlobalSection(SolutionProperties) = preSolution
		HideSolutionNode = FALSE
	EndGlobalSection
	GlobalSection(ExtensibilityGlobals) = postSolution
		SolutionGuid = {920A415B-28FC-4E96-BA56-14E894BA94EC}
	EndGlobalSection
EndGlobal
